// !$*UTF8*$!
{
	archiveVersion = 1;
	classes = {
	};
	objectVersion = 48;
	objects = {

/* Begin PBXBuildFile section */
		8C0573611F16143900164AEE /* MetalVC.swift in Sources */ = {isa = PBXBuildFile; fileRef = 8C0573601F16143900164AEE /* MetalVC.swift */; };
		8C0573681F16197800164AEE /* GZLog.swift in Sources */ = {isa = PBXBuildFile; fileRef = 8C0573671F16196A00164AEE /* GZLog.swift */; };
		8C05736D1F16205900164AEE /* GMetalView.swift in Sources */ = {isa = PBXBuildFile; fileRef = 8C05736C1F16205900164AEE /* GMetalView.swift */; };
		8C05736F1F1620FF00164AEE /* AppProtocol.swift in Sources */ = {isa = PBXBuildFile; fileRef = 8C05736E1F1620FF00164AEE /* AppProtocol.swift */; };
		8C253C7D1F1AA19E00150260 /* LayerVC.swift in Sources */ = {isa = PBXBuildFile; fileRef = 8C253C7C1F1AA19E00150260 /* LayerVC.swift */; };
		8C69BCE61F16021800BE64D4 /* AppDelegate.swift in Sources */ = {isa = PBXBuildFile; fileRef = 8C69BCE51F16021800BE64D4 /* AppDelegate.swift */; };
		8C69BCE81F16021800BE64D4 /* MasterViewController.swift in Sources */ = {isa = PBXBuildFile; fileRef = 8C69BCE71F16021800BE64D4 /* MasterViewController.swift */; };
		8C69BCED1F16021800BE64D4 /* Main.storyboard in Resources */ = {isa = PBXBuildFile; fileRef = 8C69BCEB1F16021800BE64D4 /* Main.storyboard */; };
		8C69BCEF1F16021800BE64D4 /* Assets.xcassets in Resources */ = {isa = PBXBuildFile; fileRef = 8C69BCEE1F16021800BE64D4 /* Assets.xcassets */; };
		8C69BCF21F16021800BE64D4 /* LaunchScreen.storyboard in Resources */ = {isa = PBXBuildFile; fileRef = 8C69BCF01F16021800BE64D4 /* LaunchScreen.storyboard */; };
		EC5306E51F180C9900E65F3F /* Renderable.swift in Sources */ = {isa = PBXBuildFile; fileRef = EC5306E11F180C8C00E65F3F /* Renderable.swift */; };
		EC5306E61F180C9C00E65F3F /* shaders.metal in Sources */ = {isa = PBXBuildFile; fileRef = EC5306E21F180C8C00E65F3F /* shaders.metal */; };
		EC5306E71F180E9C00E65F3F /* disk.png in Resources */ = {isa = PBXBuildFile; fileRef = 8C0573651F16190900164AEE /* disk.png */; };
		EC5306E91F18100400E65F3F /* Rectangle.swift in Sources */ = {isa = PBXBuildFile; fileRef = EC5306E81F180FFE00E65F3F /* Rectangle.swift */; };
/* End PBXBuildFile section */

/* Begin PBXFileReference section */
		8C0573601F16143900164AEE /* MetalVC.swift */ = {isa = PBXFileReference; lastKnownFileType = sourcecode.swift; path = MetalVC.swift; sourceTree = "<group>"; };
		8C0573651F16190900164AEE /* disk.png */ = {isa = PBXFileReference; lastKnownFileType = image.png; path = disk.png; sourceTree = "<group>"; };
		8C0573671F16196A00164AEE /* GZLog.swift */ = {isa = PBXFileReference; lastKnownFileType = sourcecode.swift; path = GZLog.swift; sourceTree = "<group>"; };
		8C05736C1F16205900164AEE /* GMetalView.swift */ = {isa = PBXFileReference; lastKnownFileType = sourcecode.swift; path = GMetalView.swift; sourceTree = "<group>"; };
		8C05736E1F1620FF00164AEE /* AppProtocol.swift */ = {isa = PBXFileReference; lastKnownFileType = sourcecode.swift; path = AppProtocol.swift; sourceTree = "<group>"; };
		8C253C7C1F1AA19E00150260 /* LayerVC.swift */ = {isa = PBXFileReference; lastKnownFileType = sourcecode.swift; path = LayerVC.swift; sourceTree = "<group>"; };
		8C69BCE21F16021800BE64D4 /* roulette.app */ = {isa = PBXFileReference; explicitFileType = wrapper.application; includeInIndex = 0; path = roulette.app; sourceTree = BUILT_PRODUCTS_DIR; };
		8C69BCE51F16021800BE64D4 /* AppDelegate.swift */ = {isa = PBXFileReference; lastKnownFileType = sourcecode.swift; path = AppDelegate.swift; sourceTree = "<group>"; };
		8C69BCE71F16021800BE64D4 /* MasterViewController.swift */ = {isa = PBXFileReference; lastKnownFileType = sourcecode.swift; path = MasterViewController.swift; sourceTree = "<group>"; };
		8C69BCEC1F16021800BE64D4 /* Base */ = {isa = PBXFileReference; lastKnownFileType = file.storyboard; name = Base; path = Base.lproj/Main.storyboard; sourceTree = "<group>"; };
		8C69BCEE1F16021800BE64D4 /* Assets.xcassets */ = {isa = PBXFileReference; lastKnownFileType = folder.assetcatalog; path = Assets.xcassets; sourceTree = "<group>"; };
		8C69BCF11F16021800BE64D4 /* Base */ = {isa = PBXFileReference; lastKnownFileType = file.storyboard; name = Base; path = Base.lproj/LaunchScreen.storyboard; sourceTree = "<group>"; };
		8C69BCF31F16021800BE64D4 /* Info.plist */ = {isa = PBXFileReference; lastKnownFileType = text.plist.xml; path = Info.plist; sourceTree = "<group>"; };
		EC5306E11F180C8C00E65F3F /* Renderable.swift */ = {isa = PBXFileReference; lastKnownFileType = sourcecode.swift; path = Renderable.swift; sourceTree = "<group>"; };
		EC5306E21F180C8C00E65F3F /* shaders.metal */ = {isa = PBXFileReference; lastKnownFileType = sourcecode.metal; path = shaders.metal; sourceTree = "<group>"; };
		EC5306E81F180FFE00E65F3F /* Rectangle.swift */ = {isa = PBXFileReference; lastKnownFileType = sourcecode.swift; path = Rectangle.swift; sourceTree = "<group>"; };
/* End PBXFileReference section */

/* Begin PBXFrameworksBuildPhase section */
		8C69BCDF1F16021800BE64D4 /* Frameworks */ = {
			isa = PBXFrameworksBuildPhase;
			buildActionMask = 2147483647;
			files = (
			);
			runOnlyForDeploymentPostprocessing = 0;
		};
/* End PBXFrameworksBuildPhase section */

/* Begin PBXGroup section */
		8C0573641F16190900164AEE /* images */ = {
			isa = PBXGroup;
			children = (
				8C0573651F16190900164AEE /* disk.png */,
			);
			path = images;
			sourceTree = "<group>";
		};
		8C69BCD91F16021800BE64D4 = {
			isa = PBXGroup;
			children = (
				8C69BCE41F16021800BE64D4 /* roulette */,
				8C69BCE31F16021800BE64D4 /* Products */,
			);
			sourceTree = "<group>";
		};
		8C69BCE31F16021800BE64D4 /* Products */ = {
			isa = PBXGroup;
			children = (
				8C69BCE21F16021800BE64D4 /* roulette.app */,
			);
			name = Products;
			sourceTree = "<group>";
		};
		8C69BCE41F16021800BE64D4 /* roulette */ = {
			isa = PBXGroup;
			children = (
				8C253C7C1F1AA19E00150260 /* LayerVC.swift */,
				EC5306E81F180FFE00E65F3F /* Rectangle.swift */,
				EC5306E11F180C8C00E65F3F /* Renderable.swift */,
				EC5306E21F180C8C00E65F3F /* shaders.metal */,
				8C0573671F16196A00164AEE /* GZLog.swift */,
				8C0573641F16190900164AEE /* images */,
				8C69BCE51F16021800BE64D4 /* AppDelegate.swift */,
				8C69BCE71F16021800BE64D4 /* MasterViewController.swift */,
				8C69BCEB1F16021800BE64D4 /* Main.storyboard */,
				8C69BCEE1F16021800BE64D4 /* Assets.xcassets */,
				8C69BCF01F16021800BE64D4 /* LaunchScreen.storyboard */,
				8C69BCF31F16021800BE64D4 /* Info.plist */,
				8C0573601F16143900164AEE /* MetalVC.swift */,
				8C05736C1F16205900164AEE /* GMetalView.swift */,
				8C05736E1F1620FF00164AEE /* AppProtocol.swift */,
			);
			path = roulette;
			sourceTree = "<group>";
		};
/* End PBXGroup section */

/* Begin PBXNativeTarget section */
		8C69BCE11F16021800BE64D4 /* roulette */ = {
			isa = PBXNativeTarget;
			buildConfigurationList = 8C69BCF61F16021800BE64D4 /* Build configuration list for PBXNativeTarget "roulette" */;
			buildPhases = (
				8C69BCDE1F16021800BE64D4 /* Sources */,
				8C69BCDF1F16021800BE64D4 /* Frameworks */,
				8C69BCE01F16021800BE64D4 /* Resources */,
			);
			buildRules = (
			);
			dependencies = (
			);
			name = roulette;
			productName = roulette;
			productReference = 8C69BCE21F16021800BE64D4 /* roulette.app */;
			productType = "com.apple.product-type.application";
		};
/* End PBXNativeTarget section */

/* Begin PBXProject section */
		8C69BCDA1F16021800BE64D4 /* Project object */ = {
			isa = PBXProject;
			attributes = {
				LastSwiftUpdateCheck = 0900;
				LastUpgradeCheck = 0900;
				ORGANIZATIONNAME = gz;
				TargetAttributes = {
					8C69BCE11F16021800BE64D4 = {
						CreatedOnToolsVersion = 9.0;
					};
				};
			};
			buildConfigurationList = 8C69BCDD1F16021800BE64D4 /* Build configuration list for PBXProject "roulette" */;
			compatibilityVersion = "Xcode 8.0";
			developmentRegion = en;
			hasScannedForEncodings = 0;
			knownRegions = (
				en,
				Base,
			);
			mainGroup = 8C69BCD91F16021800BE64D4;
			productRefGroup = 8C69BCE31F16021800BE64D4 /* Products */;
			projectDirPath = "";
			projectRoot = "";
			targets = (
				8C69BCE11F16021800BE64D4 /* roulette */,
			);
		};
/* End PBXProject section */

/* Begin PBXResourcesBuildPhase section */
		8C69BCE01F16021800BE64D4 /* Resources */ = {
			isa = PBXResourcesBuildPhase;
			buildActionMask = 2147483647;
			files = (
				8C69BCF21F16021800BE64D4 /* LaunchScreen.storyboard in Resources */,
				8C69BCEF1F16021800BE64D4 /* Assets.xcassets in Resources */,
				EC5306E71F180E9C00E65F3F /* disk.png in Resources */,
				8C69BCED1F16021800BE64D4 /* Main.storyboard in Resources */,
			);
			runOnlyForDeploymentPostprocessing = 0;
		};
/* End PBXResourcesBuildPhase section */

/* Begin PBXSourcesBuildPhase section */
		8C69BCDE1F16021800BE64D4 /* Sources */ = {
			isa = PBXSourcesBuildPhase;
			buildActionMask = 2147483647;
			files = (
				8C05736D1F16205900164AEE /* GMetalView.swift in Sources */,
				8C05736F1F1620FF00164AEE /* AppProtocol.swift in Sources */,
				8C0573611F16143900164AEE /* MetalVC.swift in Sources */,
				8C0573681F16197800164AEE /* GZLog.swift in Sources */,
				8C69BCE81F16021800BE64D4 /* MasterViewController.swift in Sources */,
				EC5306E91F18100400E65F3F /* Rectangle.swift in Sources */,
				8C253C7D1F1AA19E00150260 /* LayerVC.swift in Sources */,
				8C69BCE61F16021800BE64D4 /* AppDelegate.swift in Sources */,
				EC5306E51F180C9900E65F3F /* Renderable.swift in Sources */,
				EC5306E61F180C9C00E65F3F /* shaders.metal in Sources */,
			);
			runOnlyForDeploymentPostprocessing = 0;
		};
/* End PBXSourcesBuildPhase section */

/* Begin PBXVariantGroup section */
		8C69BCEB1F16021800BE64D4 /* Main.storyboard */ = {
			isa = PBXVariantGroup;
			children = (
				8C69BCEC1F16021800BE64D4 /* Base */,
			);
			name = Main.storyboard;
			sourceTree = "<group>";
		};
		8C69BCF01F16021800BE64D4 /* LaunchScreen.storyboard */ = {
			isa = PBXVariantGroup;
			children = (
				8C69BCF11F16021800BE64D4 /* Base */,
			);
			name = LaunchScreen.storyboard;
			sourceTree = "<group>";
		};
/* End PBXVariantGroup section */

/* Begin XCBuildConfiguration section */
		8C69BCF41F16021800BE64D4 /* Debug */ = {
			isa = XCBuildConfiguration;
			buildSettings = {
				ALWAYS_SEARCH_USER_PATHS = NO;
				CLANG_ANALYZER_NONNULL = YES;
				CLANG_ANALYZER_NUMBER_OBJECT_CONVERSION = YES_AGGRESSIVE;
				CLANG_CXX_LANGUAGE_STANDARD = "gnu++14";
				CLANG_CXX_LIBRARY = "libc++";
				CLANG_ENABLE_MODULES = YES;
				CLANG_ENABLE_OBJC_ARC = YES;
				CLANG_WARN_BLOCK_CAPTURE_AUTORELEASING = YES;
				CLANG_WARN_BOOL_CONVERSION = YES;
				CLANG_WARN_COMMA = YES;
				CLANG_WARN_CONSTANT_CONVERSION = YES;
				CLANG_WARN_DIRECT_OBJC_ISA_USAGE = YES_ERROR;
				CLANG_WARN_DOCUMENTATION_COMMENTS = YES;
				CLANG_WARN_EMPTY_BODY = YES;
				CLANG_WARN_ENUM_CONVERSION = YES;
				CLANG_WARN_INFINITE_RECURSION = YES;
				CLANG_WARN_INT_CONVERSION = YES;
				CLANG_WARN_NON_LITERAL_NULL_CONVERSION = YES;
				CLANG_WARN_OBJC_LITERAL_CONVERSION = YES;
				CLANG_WARN_OBJC_ROOT_CLASS = YES_ERROR;
				CLANG_WARN_RANGE_LOOP_ANALYSIS = YES;
				CLANG_WARN_STRICT_PROTOTYPES = YES;
				CLANG_WARN_SUSPICIOUS_MOVE = YES;
				CLANG_WARN_UNGUARDED_AVAILABILITY = YES_AGGRESSIVE;
				CLANG_WARN_UNREACHABLE_CODE = YES;
				CLANG_WARN__DUPLICATE_METHOD_MATCH = YES;
				CODE_SIGN_IDENTITY = "iPhone Developer";
				COPY_PHASE_STRIP = NO;
				DEBUG_INFORMATION_FORMAT = dwarf;
				ENABLE_STRICT_OBJC_MSGSEND = YES;
				ENABLE_TESTABILITY = YES;
				GCC_C_LANGUAGE_STANDARD = gnu11;
				GCC_DYNAMIC_NO_PIC = NO;
				GCC_NO_COMMON_BLOCKS = YES;
				GCC_OPTIMIZATION_LEVEL = 0;
				GCC_PREPROCESSOR_DEFINITIONS = (
					"DEBUG=1",
					"$(inherited)",
				);
				GCC_WARN_64_TO_32_BIT_CONVERSION = YES;
				GCC_WARN_ABOUT_RETURN_TYPE = YES_ERROR;
				GCC_WARN_UNDECLARED_SELECTOR = YES;
				GCC_WARN_UNINITIALIZED_AUTOS = YES_AGGRESSIVE;
				GCC_WARN_UNUSED_FUNCTION = YES;
				GCC_WARN_UNUSED_VARIABLE = YES;
				IPHONEOS_DEPLOYMENT_TARGET = 11.0;
				MTL_ENABLE_DEBUG_INFO = YES;
				ONLY_ACTIVE_ARCH = YES;
				SDKROOT = iphoneos;
				SWIFT_ACTIVE_COMPILATION_CONDITIONS = DEBUG;
				SWIFT_OPTIMIZATION_LEVEL = "-Onone";
			};
			name = Debug;
		};
		8C69BCF51F16021800BE64D4 /* Release */ = {
			isa = XCBuildConfiguration;
			buildSettings = {
				ALWAYS_SEARCH_USER_PATHS = NO;
				CLANG_ANALYZER_NONNULL = YES;
				CLANG_ANALYZER_NUMBER_OBJECT_CONVERSION = YES_AGGRESSIVE;
				CLANG_CXX_LANGUAGE_STANDARD = "gnu++14";
				CLANG_CXX_LIBRARY = "libc++";
				CLANG_ENABLE_MODULES = YES;
				CLANG_ENABLE_OBJC_ARC = YES;
				CLANG_WARN_BLOCK_CAPTURE_AUTORELEASING = YES;
				CLANG_WARN_BOOL_CONVERSION = YES;
				CLANG_WARN_COMMA = YES;
				CLANG_WARN_CONSTANT_CONVERSION = YES;
				CLANG_WARN_DIRECT_OBJC_ISA_USAGE = YES_ERROR;
				CLANG_WARN_DOCUMENTATION_COMMENTS = YES;
				CLANG_WARN_EMPTY_BODY = YES;
				CLANG_WARN_ENUM_CONVERSION = YES;
				CLANG_WARN_INFINITE_RECURSION = YES;
				CLANG_WARN_INT_CONVERSION = YES;
				CLANG_WARN_NON_LITERAL_NULL_CONVERSION = YES;
				CLANG_WARN_OBJC_LITERAL_CONVERSION = YES;
				CLANG_WARN_OBJC_ROOT_CLASS = YES_ERROR;
				CLANG_WARN_RANGE_LOOP_ANALYSIS = YES;
				CLANG_WARN_STRICT_PROTOTYPES = YES;
				CLANG_WARN_SUSPICIOUS_MOVE = YES;
				CLANG_WARN_UNGUARDED_AVAILABILITY = YES_AGGRESSIVE;
				CLANG_WARN_UNREACHABLE_CODE = YES;
				CLANG_WARN__DUPLICATE_METHOD_MATCH = YES;
				CODE_SIGN_IDENTITY = "iPhone Developer";
				COPY_PHASE_STRIP = NO;
				DEBUG_INFORMATION_FORMAT = "dwarf-with-dsym";
				ENABLE_NS_ASSERTIONS = NO;
				ENABLE_STRICT_OBJC_MSGSEND = YES;
				GCC_C_LANGUAGE_STANDARD = gnu11;
				GCC_NO_COMMON_BLOCKS = YES;
				GCC_WARN_64_TO_32_BIT_CONVERSION = YES;
				GCC_WARN_ABOUT_RETURN_TYPE = YES_ERROR;
				GCC_WARN_UNDECLARED_SELECTOR = YES;
				GCC_WARN_UNINITIALIZED_AUTOS = YES_AGGRESSIVE;
				GCC_WARN_UNUSED_FUNCTION = YES;
				GCC_WARN_UNUSED_VARIABLE = YES;
				IPHONEOS_DEPLOYMENT_TARGET = 11.0;
				MTL_ENABLE_DEBUG_INFO = NO;
				SDKROOT = iphoneos;
				SWIFT_OPTIMIZATION_LEVEL = "-Owholemodule";
				VALIDATE_PRODUCT = YES;
			};
			name = Release;
		};
		8C69BCF71F16021800BE64D4 /* Debug */ = {
			isa = XCBuildConfiguration;
			buildSettings = {
				ASSETCATALOG_COMPILER_APPICON_NAME = AppIcon;
				DEVELOPMENT_TEAM = WD3LPJ2STX;
				INFOPLIST_FILE = roulette/Info.plist;
				IPHONEOS_DEPLOYMENT_TARGET = 11.0;
				LD_RUNPATH_SEARCH_PATHS = "$(inherited) @executable_path/Frameworks";
				PRODUCT_BUNDLE_IDENTIFIER = g.roulette;
				PRODUCT_NAME = "$(TARGET_NAME)";
				SWIFT_VERSION = 4.0;
				TARGETED_DEVICE_FAMILY = "1,2";
			};
			name = Debug;
		};
		8C69BCF81F16021800BE64D4 /* Release */ = {
			isa = XCBuildConfiguration;
			buildSettings = {
				ASSETCATALOG_COMPILER_APPICON_NAME = AppIcon;
				DEVELOPMENT_TEAM = WD3LPJ2STX;
				INFOPLIST_FILE = roulette/Info.plist;
				IPHONEOS_DEPLOYMENT_TARGET = 11.0;
				LD_RUNPATH_SEARCH_PATHS = "$(inherited) @executable_path/Frameworks";
				PRODUCT_BUNDLE_IDENTIFIER = g.roulette;
				PRODUCT_NAME = "$(TARGET_NAME)";
				SWIFT_VERSION = 4.0;
				TARGETED_DEVICE_FAMILY = "1,2";
			};
			name = Release;
		};
/* End XCBuildConfiguration section */

/* Begin XCConfigurationList section */
		8C69BCDD1F16021800BE64D4 /* Build configuration list for PBXProject "roulette" */ = {
			isa = XCConfigurationList;
			buildConfigurations = (
				8C69BCF41F16021800BE64D4 /* Debug */,
				8C69BCF51F16021800BE64D4 /* Release */,
			);
			defaultConfigurationIsVisible = 0;
			defaultConfigurationName = Release;
		};
		8C69BCF61F16021800BE64D4 /* Build configuration list for PBXNativeTarget "roulette" */ = {
			isa = XCConfigurationList;
			buildConfigurations = (
				8C69BCF71F16021800BE64D4 /* Debug */,
				8C69BCF81F16021800BE64D4 /* Release */,
			);
			defaultConfigurationIsVisible = 0;
			defaultConfigurationName = Release;
		};
/* End XCConfigurationList section */
	};
	rootObject = 8C69BCDA1F16021800BE64D4 /* Project object */;
}
